<?xml version="1.0" encoding="utf-8"?>
<Project ToolsVersion="4.0" xmlns="http://schemas.microsoft.com/developer/msbuild/2003">
  <ItemGroup>
    <Filter Include="Test Runner">
      <UniqueIdentifier>{909e5f17-ac8e-486a-8dad-81562c933ab0}</UniqueIdentifier>
    </Filter>
    <Filter Include="Laputa3D">
      <UniqueIdentifier>{970e5d91-460b-410c-a77f-69632897e82b}</UniqueIdentifier>
    </Filter>
    <Filter Include="LaputaRenderer">
      <UniqueIdentifier>{07309653-a341-4b9e-b7f1-a438b929a483}</UniqueIdentifier>
    </Filter>
    <Filter Include="LaputaD3D">
      <UniqueIdentifier>{b6a73057-d2e9-43a7-b4ea-d6ba7b5960e8}</UniqueIdentifier>
    </Filter>
    <Filter Include="LaputaGeneral">
      <UniqueIdentifier>{004f2398-dfd7-45dd-b9fe-2a036d696e88}</UniqueIdentifier>
    </Filter>
    <Filter Include="LaputaD3D\Vertices">
      <UniqueIdentifier>{ae00e7dc-5a19-45e4-9da1-abd755d1f5cb}</UniqueIdentifier>
    </Filter>
  </ItemGroup>
  <ItemGroup>
    <ClCompile Include="TestRunner.cpp">
      <Filter>Test Runner</Filter>
    </ClCompile>
    <ClCompile Include="Laputa3D\LptaVector.cpp">
      <Filter>Laputa3D</Filter>
    </ClCompile>
    <ClCompile Include="Laputa3D\LptaMatrix.cpp">
      <Filter>Laputa3D</Filter>
    </ClCompile>
    <ClCompile Include="Laputa3D\LptaRay.cpp">
      <Filter>Laputa3D</Filter>
    </ClCompile>
    <ClCompile Include="Laputa3D\LptaPlane.cpp">
      <Filter>Laputa3D</Filter>
    </ClCompile>
    <ClCompile Include="Laputa3D\LptaAABB.cpp">
      <Filter>Laputa3D</Filter>
    </ClCompile>
    <ClCompile Include="Laputa3D\LptaNormalVector.cpp">
      <Filter>Laputa3D</Filter>
    </ClCompile>
    <ClCompile Include="Laputa3D\LptaOBB.cpp">
      <Filter>Laputa3D</Filter>
    </ClCompile>
    <ClCompile Include="Laputa3D\LptaQuat.cpp">
      <Filter>Laputa3D</Filter>
    </ClCompile>
    <ClCompile Include="LaputaD3D\LptaD3DMatrix.cpp">
      <Filter>LaputaD3D</Filter>
    </ClCompile>
    <ClCompile Include="LaputaGeneral\LptaFileHelper.cpp">
      <Filter>LaputaGeneral</Filter>
    </ClCompile>
    <ClCompile Include="LaputaD3D\vertices\LptaD3DVertexCopier.cpp">
      <Filter>LaputaD3D\Vertices</Filter>
    </ClCompile>
    <ClCompile Include="LaputaD3D\vertices\LptaD3DDynamicBuffer.cpp" />
    <ClCompile Include="LaputaD3D\vertices\LptaD3DStaticBuffer.cpp" />
    <ClCompile Include="LaputaD3D\LptaD3DVertexCache.cpp" />
  </ItemGroup>
  <ItemGroup>
    <ClInclude Include="LaputaD3D\LptaD3D_Helper.h" />
  </ItemGroup>
</Project>