<?xml version="1.0" encoding="utf-8"?>
<Project ToolsVersion="4.0" xmlns="http://schemas.microsoft.com/developer/msbuild/2003">
  <ItemGroup>
    <Filter Include="Source Files">
      <UniqueIdentifier>{4FC737F1-C7A5-4376-A066-2A32D752A2FF}</UniqueIdentifier>
      <Extensions>cpp;c;cc;cxx;def;odl;idl;hpj;bat;asm;asmx</Extensions>
    </Filter>
    <Filter Include="Header Files">
      <UniqueIdentifier>{93995380-89BD-4b04-88EB-625FBE52EBFB}</UniqueIdentifier>
      <Extensions>h;hh;hpp;hxx;hm;inl;inc;xsd</Extensions>
    </Filter>
    <Filter Include="Resource Files">
      <UniqueIdentifier>{67DA6AB6-F800-4c08-8B7A-83BB121AAD01}</UniqueIdentifier>
      <Extensions>rc;ico;cur;bmp;dlg;rc2;rct;bin;rgs;gif;jpg;jpeg;jpe;resx;tiff;tif;png;wav;mfcribbon-ms</Extensions>
    </Filter>
  </ItemGroup>
  <ItemGroup>
    <ClCompile Include="src\LptaColor.cpp">
      <Filter>Source Files</Filter>
    </ClCompile>
    <ClCompile Include="src\LptaMaterial.cpp">
      <Filter>Source Files</Filter>
    </ClCompile>
    <ClCompile Include="src\LptaMaterialManager.cpp">
      <Filter>Source Files</Filter>
    </ClCompile>
    <ClCompile Include="src\LptaRenderDeviceImpl.cpp">
      <Filter>Source Files</Filter>
    </ClCompile>
    <ClCompile Include="src\LptaRenderer.cpp">
      <Filter>Source Files</Filter>
    </ClCompile>
    <ClCompile Include="src\LptaResource.cpp">
      <Filter>Source Files</Filter>
    </ClCompile>
    <ClCompile Include="src\LptaSkin.cpp">
      <Filter>Source Files</Filter>
    </ClCompile>
    <ClCompile Include="src\LptaSkinManager.cpp">
      <Filter>Source Files</Filter>
    </ClCompile>
    <ClCompile Include="src\LptaTexture.cpp">
      <Filter>Source Files</Filter>
    </ClCompile>
    <ClCompile Include="src\LptaTextureManager.cpp">
      <Filter>Source Files</Filter>
    </ClCompile>
    <ClCompile Include="src\LptaViewport.cpp">
      <Filter>Source Files</Filter>
    </ClCompile>
    <ClCompile Include="src\vertices\LptaVertexCollection.cpp">
      <Filter>Source Files</Filter>
    </ClCompile>
  </ItemGroup>
  <ItemGroup>
    <ClInclude Include="include\errors\ImproperResourceManager.h">
      <Filter>Header Files</Filter>
    </ClInclude>
    <ClInclude Include="include\LptaColor.h">
      <Filter>Header Files</Filter>
    </ClInclude>
    <ClInclude Include="include\LptaDeviceBuilder.h">
      <Filter>Header Files</Filter>
    </ClInclude>
    <ClInclude Include="include\LptaMaterial.h">
      <Filter>Header Files</Filter>
    </ClInclude>
    <ClInclude Include="include\LptaMaterialManager.h">
      <Filter>Header Files</Filter>
    </ClInclude>
    <ClInclude Include="include\LptaRenderDevice.h">
      <Filter>Header Files</Filter>
    </ClInclude>
    <ClInclude Include="include\LptaRenderDeviceImpl.h">
      <Filter>Header Files</Filter>
    </ClInclude>
    <ClInclude Include="include\LptaRenderer.h">
      <Filter>Header Files</Filter>
    </ClInclude>
    <ClInclude Include="include\LptaRendererStatusCodes.h">
      <Filter>Header Files</Filter>
    </ClInclude>
    <ClInclude Include="include\LptaResource.h">
      <Filter>Header Files</Filter>
    </ClInclude>
    <ClInclude Include="include\LptaResourceManager.h">
      <Filter>Header Files</Filter>
    </ClInclude>
    <ClInclude Include="include\LptaSkin.h">
      <Filter>Header Files</Filter>
    </ClInclude>
    <ClInclude Include="include\LptaSkinManager.h">
      <Filter>Header Files</Filter>
    </ClInclude>
    <ClInclude Include="include\LptaTexture.h">
      <Filter>Header Files</Filter>
    </ClInclude>
    <ClInclude Include="include\LptaTextureManager.h">
      <Filter>Header Files</Filter>
    </ClInclude>
    <ClInclude Include="include\LptaViewport.h">
      <Filter>Header Files</Filter>
    </ClInclude>
    <ClInclude Include="include\renderer\RenderStates.h">
      <Filter>Header Files</Filter>
    </ClInclude>
    <ClInclude Include="include\LptaVertexCacheManager.h">
      <Filter>Header Files</Filter>
    </ClInclude>
    <ClInclude Include="include\vertices\LptaVertexCollection.h">
      <Filter>Header Files</Filter>
    </ClInclude>
  </ItemGroup>
</Project>