<?xml version="1.0" encoding="utf-8"?>
<Project ToolsVersion="4.0" xmlns="http://schemas.microsoft.com/developer/msbuild/2003">
  <ItemGroup>
    <Filter Include="Source Files">
      <UniqueIdentifier>{4FC737F1-C7A5-4376-A066-2A32D752A2FF}</UniqueIdentifier>
      <Extensions>cpp;c;cc;cxx;def;odl;idl;hpj;bat;asm;asmx</Extensions>
    </Filter>
    <Filter Include="Header Files">
      <UniqueIdentifier>{93995380-89BD-4b04-88EB-625FBE52EBFB}</UniqueIdentifier>
      <Extensions>h;hh;hpp;hxx;hm;inl;inc;xsd</Extensions>
    </Filter>
    <Filter Include="Resource Files">
      <UniqueIdentifier>{67DA6AB6-F800-4c08-8B7A-83BB121AAD01}</UniqueIdentifier>
      <Extensions>rc;ico;cur;bmp;dlg;rc2;rct;bin;rgs;gif;jpg;jpeg;jpe;resx;tiff;tif;png;wav;mfcribbon-ms</Extensions>
    </Filter>
  </ItemGroup>
  <ItemGroup>
    <ClCompile Include="source\LptaRenderer.cpp">
      <Filter>Source Files</Filter>
    </ClCompile>
    <ClCompile Include="source\LptaColor.cpp">
      <Filter>Source Files</Filter>
    </ClCompile>
    <ClCompile Include="source\LptaMaterial.cpp">
      <Filter>Source Files</Filter>
    </ClCompile>
    <ClCompile Include="source\LptaSkin.cpp">
      <Filter>Source Files</Filter>
    </ClCompile>
    <ClCompile Include="source\LptaResource.cpp">
      <Filter>Source Files</Filter>
    </ClCompile>
    <ClCompile Include="source\LptaSkinManager.cpp">
      <Filter>Source Files</Filter>
    </ClCompile>
    <ClCompile Include="source\LptaMaterialManager.cpp">
      <Filter>Source Files</Filter>
    </ClCompile>
    <ClCompile Include="source\LptaRenderDeviceImpl.cpp">
      <Filter>Source Files</Filter>
    </ClCompile>
    <ClCompile Include="source\LptaTextureManager.cpp">
      <Filter>Source Files</Filter>
    </ClCompile>
    <ClCompile Include="source\LptaTexture.cpp">
      <Filter>Source Files</Filter>
    </ClCompile>
    <ClCompile Include="source\LptaViewport.cpp">
      <Filter>Source Files</Filter>
    </ClCompile>
  </ItemGroup>
  <ItemGroup>
    <ClInclude Include="header\LptaRenderer.h">
      <Filter>Header Files</Filter>
    </ClInclude>
    <ClInclude Include="header\LptaRenderDevice.h">
      <Filter>Header Files</Filter>
    </ClInclude>
    <ClInclude Include="header\LptaRenderDeviceImpl.h">
      <Filter>Header Files</Filter>
    </ClInclude>
    <ClInclude Include="header\LptaRendererStatusCodes.h">
      <Filter>Header Files</Filter>
    </ClInclude>
    <ClInclude Include="header\LptaSkin.h">
      <Filter>Header Files</Filter>
    </ClInclude>
    <ClInclude Include="header\LptaMaterial.h">
      <Filter>Header Files</Filter>
    </ClInclude>
    <ClInclude Include="header\LptaColor.h">
      <Filter>Header Files</Filter>
    </ClInclude>
    <ClInclude Include="header\LptaTexture.h">
      <Filter>Header Files</Filter>
    </ClInclude>
    <ClInclude Include="header\LptaResourceManager.h">
      <Filter>Header Files</Filter>
    </ClInclude>
    <ClInclude Include="header\LptaSkinManager.h">
      <Filter>Header Files</Filter>
    </ClInclude>
    <ClInclude Include="header\LptaMaterialManager.h">
      <Filter>Header Files</Filter>
    </ClInclude>
    <ClInclude Include="header\LptaTextureManager.h">
      <Filter>Header Files</Filter>
    </ClInclude>
    <ClInclude Include="header\LptaResource.h">
      <Filter>Header Files</Filter>
    </ClInclude>
    <ClInclude Include="header\LptaDeviceBuilder.h">
      <Filter>Header Files</Filter>
    </ClInclude>
    <ClInclude Include="header\errors\ImproperResourceManager.h">
      <Filter>Header Files</Filter>
    </ClInclude>
    <ClInclude Include="header\LptaViewport.h">
      <Filter>Header Files</Filter>
    </ClInclude>
  </ItemGroup>
</Project>