<?xml version="1.0" encoding="utf-8"?>
<Project ToolsVersion="4.0" xmlns="http://schemas.microsoft.com/developer/msbuild/2003">
  <ItemGroup>
    <Filter Include="Source Files">
      <UniqueIdentifier>{4FC737F1-C7A5-4376-A066-2A32D752A2FF}</UniqueIdentifier>
      <Extensions>cpp;c;cc;cxx;def;odl;idl;hpj;bat;asm;asmx</Extensions>
    </Filter>
    <Filter Include="Header Files">
      <UniqueIdentifier>{93995380-89BD-4b04-88EB-625FBE52EBFB}</UniqueIdentifier>
      <Extensions>h;hh;hpp;hxx;hm;inl;inc;xsd</Extensions>
    </Filter>
    <Filter Include="Resource Files">
      <UniqueIdentifier>{67DA6AB6-F800-4c08-8B7A-83BB121AAD01}</UniqueIdentifier>
      <Extensions>rc;ico;cur;bmp;dlg;rc2;rct;bin;rgs;gif;jpg;jpeg;jpe;resx;tiff;tif;png;wav;mfcribbon-ms</Extensions>
    </Filter>
    <Filter Include="Header Files\Adapter">
      <UniqueIdentifier>{4324e6af-6ca1-4704-bb07-e59a2dee53d8}</UniqueIdentifier>
    </Filter>
    <Filter Include="Source Files\Adapter">
      <UniqueIdentifier>{f2aa6032-da99-4796-b9fe-0f1feead69f4}</UniqueIdentifier>
    </Filter>
    <Filter Include="Header Files\Errors">
      <UniqueIdentifier>{82a03806-bc91-4814-82a5-45ee872436fd}</UniqueIdentifier>
    </Filter>
    <Filter Include="Source Files\Errors">
      <UniqueIdentifier>{653bd09d-e82e-416f-8c26-5a95f4cb0853}</UniqueIdentifier>
    </Filter>
    <Filter Include="Header Files\Resources">
      <UniqueIdentifier>{c7cd0214-27b8-461b-b950-0f05501accc4}</UniqueIdentifier>
    </Filter>
    <Filter Include="Header Files\Resources\Errors">
      <UniqueIdentifier>{bbe17437-5acf-429a-96d8-a6594fe1df34}</UniqueIdentifier>
    </Filter>
    <Filter Include="Source Files\Resources">
      <UniqueIdentifier>{c3936353-a099-46c5-ba9f-d85a5abcbaf8}</UniqueIdentifier>
    </Filter>
    <Filter Include="Source Files\Resources\Errors">
      <UniqueIdentifier>{339e1a92-7e6b-4080-a4c2-40a7084db361}</UniqueIdentifier>
    </Filter>
    <Filter Include="Header Files\Vertices">
      <UniqueIdentifier>{e345cae5-d4ac-438d-9a73-3a97e1c3d339}</UniqueIdentifier>
    </Filter>
    <Filter Include="Source Files\Vertices">
      <UniqueIdentifier>{85458983-99b8-41b0-8c05-54beac6e3b2f}</UniqueIdentifier>
    </Filter>
  </ItemGroup>
  <ItemGroup>
    <ClCompile Include="src\adapter\AdapterInfo.cpp">
      <Filter>Source Files\Adapter</Filter>
    </ClCompile>
    <ClCompile Include="src\LptaD3D.cpp">
      <Filter>Source Files</Filter>
    </ClCompile>
    <ClCompile Include="src\LptaD3DBuilder.cpp">
      <Filter>Source Files</Filter>
    </ClCompile>
    <ClCompile Include="src\LptaD3DConfig_dlg.cpp">
      <Filter>Source Files</Filter>
    </ClCompile>
    <ClCompile Include="src\LptaD3DConfig_main.cpp">
      <Filter>Source Files</Filter>
    </ClCompile>
    <ClCompile Include="src\LptaD3DMatrix.cpp">
      <Filter>Source Files</Filter>
    </ClCompile>
    <ClCompile Include="src\LptaD3DUtils.cpp">
      <Filter>Source Files</Filter>
    </ClCompile>
    <ClCompile Include="src\resources\errors\TextureFileNotFound.cpp">
      <Filter>Source Files\Resources\Errors</Filter>
    </ClCompile>
    <ClCompile Include="src\resources\errors\TextureD3DFailure.cpp">
      <Filter>Source Files\Resources\Errors</Filter>
    </ClCompile>
    <ClCompile Include="src\resources\errors\TextureError.cpp">
      <Filter>Source Files\Resources\Errors</Filter>
    </ClCompile>
    <ClCompile Include="src\resources\errors\ShaderCompileFail.cpp">
      <Filter>Source Files\Resources\Errors</Filter>
    </ClCompile>
    <ClCompile Include="src\resources\LptaD3DVertexShaderManager.cpp">
      <Filter>Source Files\Resources</Filter>
    </ClCompile>
    <ClCompile Include="src\resources\LptaD3DVertexShader.cpp">
      <Filter>Source Files\Resources</Filter>
    </ClCompile>
    <ClCompile Include="src\resources\LptaD3DTextureManager.cpp">
      <Filter>Source Files\Resources</Filter>
    </ClCompile>
    <ClCompile Include="src\resources\LptaD3DTexture.cpp">
      <Filter>Source Files\Resources</Filter>
    </ClCompile>
    <ClCompile Include="src\resources\LptaD3DPixelShaderManager.cpp">
      <Filter>Source Files\Resources</Filter>
    </ClCompile>
    <ClCompile Include="src\resources\LptaD3DPixelShader.cpp">
      <Filter>Source Files\Resources</Filter>
    </ClCompile>
    <ClCompile Include="src\vertices\LptaD3DVertexCopier.cpp">
      <Filter>Source Files\Vertices</Filter>
    </ClCompile>
    <ClCompile Include="src\LptaD3DColorUtils.cpp">
      <Filter>Source Files</Filter>
    </ClCompile>
    <ClCompile Include="src\vertices\errors\D3DCopierInvalidTargetBuffer.cpp">
      <Filter>Source Files</Filter>
    </ClCompile>
    <ClCompile Include="src\vertices\LptaD3DDynamicBuffer.cpp">
      <Filter>Source Files</Filter>
    </ClCompile>
    <ClCompile Include="src\vertices\errors\D3DBufferAllocationFailure.cpp">
      <Filter>Source Files</Filter>
    </ClCompile>
    <ClCompile Include="src\vertices\LptaD3DStaticBuffer.cpp">
      <Filter>Source Files</Filter>
    </ClCompile>
  </ItemGroup>
  <ItemGroup>
    <ClInclude Include="resource.h">
      <Filter>Header Files</Filter>
    </ClInclude>
    <ClInclude Include="include\adapter\AdapterInfo.h">
      <Filter>Header Files\Adapter</Filter>
    </ClInclude>
    <ClInclude Include="include\LptaD3D.h">
      <Filter>Header Files</Filter>
    </ClInclude>
    <ClInclude Include="include\LptaD3DConfig.h">
      <Filter>Header Files</Filter>
    </ClInclude>
    <ClInclude Include="include\LptaD3DDeviceBuilder.h">
      <Filter>Header Files</Filter>
    </ClInclude>
    <ClInclude Include="include\LptaD3DMatrix.h">
      <Filter>Header Files</Filter>
    </ClInclude>
    <ClInclude Include="include\LptaD3DUtils.h">
      <Filter>Header Files</Filter>
    </ClInclude>
    <ClInclude Include="include\resources\errors\ShaderCompileFail.h">
      <Filter>Header Files\Resources\Errors</Filter>
    </ClInclude>
    <ClInclude Include="include\resources\errors\TextureD3DFailure.h">
      <Filter>Header Files\Resources\Errors</Filter>
    </ClInclude>
    <ClInclude Include="include\resources\errors\TextureError.h">
      <Filter>Header Files\Resources\Errors</Filter>
    </ClInclude>
    <ClInclude Include="include\resources\errors\TextureFileNotFound.h">
      <Filter>Header Files\Resources\Errors</Filter>
    </ClInclude>
    <ClInclude Include="include\resources\LptaD3DVertexShader.h">
      <Filter>Header Files\Resources</Filter>
    </ClInclude>
    <ClInclude Include="include\resources\LptaD3DVertexShaderManager.h">
      <Filter>Header Files\Resources</Filter>
    </ClInclude>
    <ClInclude Include="include\resources\LptaD3DTextureManager.h">
      <Filter>Header Files\Resources</Filter>
    </ClInclude>
    <ClInclude Include="include\resources\LptaD3DTexture.h">
      <Filter>Header Files\Resources</Filter>
    </ClInclude>
    <ClInclude Include="include\resources\LptaD3DPixelShaderManager.h">
      <Filter>Header Files\Resources</Filter>
    </ClInclude>
    <ClInclude Include="include\resources\LptaD3DPixelShader.h">
      <Filter>Header Files\Resources</Filter>
    </ClInclude>
    <ClInclude Include="include\resources\LptaD3DShaderManager.h">
      <Filter>Header Files\Resources</Filter>
    </ClInclude>
    <ClInclude Include="include\vertices\LptaD3DVertex.h">
      <Filter>Header Files</Filter>
    </ClInclude>
    <ClInclude Include="include\vertices\LptaD3DVertexCopier.h">
      <Filter>Header Files\Vertices</Filter>
    </ClInclude>
    <ClInclude Include="include\LptaD3DColorUtils.h">
      <Filter>Header Files</Filter>
    </ClInclude>
    <ClInclude Include="include\vertices\errors\D3DCopierInvalidTargetBuffer.h">
      <Filter>Header Files</Filter>
    </ClInclude>
    <ClInclude Include="include\vertices\LptaD3DDynamicBuffer.h">
      <Filter>Header Files</Filter>
    </ClInclude>
    <ClInclude Include="include\vertices\errors\D3DBufferAllocationFailure.h">
      <Filter>Header Files</Filter>
    </ClInclude>
    <ClInclude Include="include\vertices\LptaD3DStaticBuffer.h">
      <Filter>Header Files</Filter>
    </ClInclude>
    <ClInclude Include="include\LptaD3DVertexCache.h">
      <Filter>Header Files</Filter>
    </ClInclude>
    <ClInclude Include="include\vertices\LptaD3DStaticBufferManager.h">
      <Filter>Header Files</Filter>
    </ClInclude>
    <ClInclude Include="include\vertices\LptaD3DStaticBufferResource.h">
      <Filter>Header Files</Filter>
    </ClInclude>
  </ItemGroup>
  <ItemGroup>
    <ResourceCompile Include="dlgChangeDevice.rc">
      <Filter>Resource Files</Filter>
    </ResourceCompile>
  </ItemGroup>
</Project>