<?xml version="1.0" encoding="utf-8"?>
<Project ToolsVersion="4.0" xmlns="http://schemas.microsoft.com/developer/msbuild/2003">
  <ItemGroup>
    <Filter Include="Source Files">
      <UniqueIdentifier>{4FC737F1-C7A5-4376-A066-2A32D752A2FF}</UniqueIdentifier>
      <Extensions>cpp;c;cc;cxx;def;odl;idl;hpj;bat;asm;asmx</Extensions>
    </Filter>
    <Filter Include="Header Files">
      <UniqueIdentifier>{93995380-89BD-4b04-88EB-625FBE52EBFB}</UniqueIdentifier>
      <Extensions>h;hh;hpp;hxx;hm;inl;inc;xsd</Extensions>
    </Filter>
    <Filter Include="Resource Files">
      <UniqueIdentifier>{67DA6AB6-F800-4c08-8B7A-83BB121AAD01}</UniqueIdentifier>
      <Extensions>rc;ico;cur;bmp;dlg;rc2;rct;bin;rgs;gif;jpg;jpeg;jpe;resx;tiff;tif;png;wav;mfcribbon-ms</Extensions>
    </Filter>
    <Filter Include="Header Files\Adapter">
      <UniqueIdentifier>{4324e6af-6ca1-4704-bb07-e59a2dee53d8}</UniqueIdentifier>
    </Filter>
    <Filter Include="Source Files\Adapter">
      <UniqueIdentifier>{f2aa6032-da99-4796-b9fe-0f1feead69f4}</UniqueIdentifier>
    </Filter>
  </ItemGroup>
  <ItemGroup>
    <ClCompile Include="source\adapter\AdapterInfo.cpp">
      <Filter>Source Files\Adapter</Filter>
    </ClCompile>
    <ClCompile Include="source\LptaD3DUtils.cpp">
      <Filter>Source Files</Filter>
    </ClCompile>
    <ClCompile Include="source\LptaD3DConfig_dlg.cpp">
      <Filter>Source Files</Filter>
    </ClCompile>
    <ClCompile Include="source\LptaD3DConfig_main.cpp">
      <Filter>Source Files</Filter>
    </ClCompile>
    <ClCompile Include="source\resources\LptaD3DTexture.cpp">
      <Filter>Source Files</Filter>
    </ClCompile>
    <ClCompile Include="source\resources\errors\TextureD3DFailure.cpp">
      <Filter>Source Files</Filter>
    </ClCompile>
    <ClCompile Include="source\resources\errors\TextureError.cpp">
      <Filter>Source Files</Filter>
    </ClCompile>
    <ClCompile Include="source\resources\errors\TextureFileNotFound.cpp">
      <Filter>Source Files</Filter>
    </ClCompile>
    <ClCompile Include="source\resources\LptaD3DTextureManager.cpp">
      <Filter>Source Files</Filter>
    </ClCompile>
    <ClCompile Include="source\LptaD3DBuilder.cpp">
      <Filter>Source Files</Filter>
    </ClCompile>
    <ClCompile Include="source\LptaD3D.cpp">
      <Filter>Source Files</Filter>
    </ClCompile>
    <ClCompile Include="source\LptaD3DVertexCache.cpp">
      <Filter>Source Files</Filter>
    </ClCompile>
    <ClCompile Include="source\LptaD3DMatrix.cpp">
      <Filter>Source Files</Filter>
    </ClCompile>
  </ItemGroup>
  <ItemGroup>
    <ClInclude Include="header\LptaD3D.h">
      <Filter>Header Files</Filter>
    </ClInclude>
    <ClInclude Include="header\LptaD3DUtils.h">
      <Filter>Header Files</Filter>
    </ClInclude>
    <ClInclude Include="resource.h">
      <Filter>Header Files</Filter>
    </ClInclude>
    <ClInclude Include="header\adapter\AdapterInfo.h">
      <Filter>Header Files\Adapter</Filter>
    </ClInclude>
    <ClInclude Include="header\LptaD3DConfig.h">
      <Filter>Header Files</Filter>
    </ClInclude>
    <ClInclude Include="header\resources\LptaD3DTexture.h">
      <Filter>Header Files</Filter>
    </ClInclude>
    <ClInclude Include="header\resources\errors\TextureFileNotFound.h">
      <Filter>Header Files</Filter>
    </ClInclude>
    <ClInclude Include="header\resources\errors\TextureError.h">
      <Filter>Header Files</Filter>
    </ClInclude>
    <ClInclude Include="header\resources\errors\TextureD3DFailure.h">
      <Filter>Header Files</Filter>
    </ClInclude>
    <ClInclude Include="header\resources\LptaD3DTextureManager.h">
      <Filter>Header Files</Filter>
    </ClInclude>
    <ClInclude Include="header\LptaD3DDeviceBuilder.h">
      <Filter>Header Files</Filter>
    </ClInclude>
    <ClInclude Include="header\LptaD3DVertexCache.h">
      <Filter>Header Files</Filter>
    </ClInclude>
    <ClInclude Include="header\LptaD3DMatrix.h">
      <Filter>Header Files</Filter>
    </ClInclude>
  </ItemGroup>
  <ItemGroup>
    <ResourceCompile Include="dlgChangeDevice.rc">
      <Filter>Resource Files</Filter>
    </ResourceCompile>
  </ItemGroup>
</Project>