<?xml version="1.0" encoding="utf-8"?>
<Project ToolsVersion="4.0" xmlns="http://schemas.microsoft.com/developer/msbuild/2003">
  <ItemGroup>
    <Filter Include="Source Files">
      <UniqueIdentifier>{4FC737F1-C7A5-4376-A066-2A32D752A2FF}</UniqueIdentifier>
      <Extensions>cpp;c;cc;cxx;def;odl;idl;hpj;bat;asm;asmx</Extensions>
    </Filter>
    <Filter Include="Header Files">
      <UniqueIdentifier>{93995380-89BD-4b04-88EB-625FBE52EBFB}</UniqueIdentifier>
      <Extensions>h;hh;hpp;hxx;hm;inl;inc;xsd</Extensions>
    </Filter>
    <Filter Include="Resource Files">
      <UniqueIdentifier>{67DA6AB6-F800-4c08-8B7A-83BB121AAD01}</UniqueIdentifier>
      <Extensions>rc;ico;cur;bmp;dlg;rc2;rct;bin;rgs;gif;jpg;jpeg;jpe;resx;tiff;tif;png;wav;mfcribbon-ms</Extensions>
    </Filter>
    <Filter Include="Header Files\Errors">
      <UniqueIdentifier>{02722415-b52e-4d74-a78f-3bf93918f4ec}</UniqueIdentifier>
    </Filter>
    <Filter Include="Source Files\Errors">
      <UniqueIdentifier>{eb7f7e6f-30a9-44d1-a06a-5a659dff0957}</UniqueIdentifier>
    </Filter>
    <Filter Include="Header Files\Geometry">
      <UniqueIdentifier>{7b96eacb-8af8-425b-8393-767d687bd415}</UniqueIdentifier>
    </Filter>
  </ItemGroup>
  <ItemGroup>
    <ClInclude Include="header\LptaVector.h">
      <Filter>Header Files</Filter>
    </ClInclude>
    <ClInclude Include="header\LptaMatrix.h">
      <Filter>Header Files</Filter>
    </ClInclude>
    <ClInclude Include="header\errors\InvalidRotationAxis.h">
      <Filter>Header Files\Errors</Filter>
    </ClInclude>
    <ClInclude Include="header\LptaRay.h">
      <Filter>Header Files</Filter>
    </ClInclude>
    <ClInclude Include="header\geometry\Shapes.h">
      <Filter>Header Files\Geometry</Filter>
    </ClInclude>
    <ClInclude Include="header\Lpta3D.h">
      <Filter>Header Files</Filter>
    </ClInclude>
  </ItemGroup>
  <ItemGroup>
    <ClCompile Include="source\LptaVector.cpp">
      <Filter>Source Files</Filter>
    </ClCompile>
    <ClCompile Include="source\LptaMatrix.cpp">
      <Filter>Source Files</Filter>
    </ClCompile>
    <ClCompile Include="source\errors\InvalidRotationAxis.cpp">
      <Filter>Source Files\Errors</Filter>
    </ClCompile>
    <ClCompile Include="source\LptaRay.cpp">
      <Filter>Source Files</Filter>
    </ClCompile>
  </ItemGroup>
</Project>