
Microsoft Visual Studio Solution File, Format Version 12.00
# Visual Studio 2013
VisualStudioVersion = 12.0.21005.1
MinimumVisualStudioVersion = 10.0.40219.1
Project("{8BC9CEB8-8B4A-11D0-8D11-00A0C91BC942}") = "LaputaEngine", "LaputaEngine\LaputaEngine.vcxproj", "{037941D4-0AA9-4549-BFA9-5AD92C037581}"
EndProject
Project("{8BC9CEB8-8B4A-11D0-8D11-00A0C91BC942}") = "LaputaRenderer", "LaputaRenderer\LaputaRenderer.vcxproj", "{CA46416F-C5FF-467E-9F90-0C14EA05CE30}"
	ProjectSection(ProjectDependencies) = postProject
		{9F682FC7-AA12-4CE4-9951-F1F6E160CBF2} = {9F682FC7-AA12-4CE4-9951-F1F6E160CBF2}
	EndProjectSection
EndProject
Project("{8BC9CEB8-8B4A-11D0-8D11-00A0C91BC942}") = "LaputaD3D", "LaputaD3D\LaputaD3D.vcxproj", "{93517340-9C10-4E16-A841-1F0F867E9204}"
	ProjectSection(ProjectDependencies) = postProject
		{CA46416F-C5FF-467E-9F90-0C14EA05CE30} = {CA46416F-C5FF-467E-9F90-0C14EA05CE30}
		{9F682FC7-AA12-4CE4-9951-F1F6E160CBF2} = {9F682FC7-AA12-4CE4-9951-F1F6E160CBF2}
	EndProjectSection
EndProject
Project("{8BC9CEB8-8B4A-11D0-8D11-00A0C91BC942}") = "LaputaRendererTest", "LaputaRendererTest\LaputaRendererTest.vcxproj", "{5722E2D8-64C5-4952-AFBF-16AF6EF98976}"
	ProjectSection(ProjectDependencies) = postProject
		{F9C9E922-8AAD-41E2-A1DA-31C72149A649} = {F9C9E922-8AAD-41E2-A1DA-31C72149A649}
		{93517340-9C10-4E16-A841-1F0F867E9204} = {93517340-9C10-4E16-A841-1F0F867E9204}
		{CA46416F-C5FF-467E-9F90-0C14EA05CE30} = {CA46416F-C5FF-467E-9F90-0C14EA05CE30}
		{9F682FC7-AA12-4CE4-9951-F1F6E160CBF2} = {9F682FC7-AA12-4CE4-9951-F1F6E160CBF2}
	EndProjectSection
EndProject
Project("{8BC9CEB8-8B4A-11D0-8D11-00A0C91BC942}") = "LaputaGeneral", "LaputaGeneral\LaputaGeneral.vcxproj", "{9F682FC7-AA12-4CE4-9951-F1F6E160CBF2}"
EndProject
Project("{8BC9CEB8-8B4A-11D0-8D11-00A0C91BC942}") = "LaputaTests", "LaputaTests\LaputaTests.vcxproj", "{02D6FD45-11C4-4CA2-86D0-CE2BC4A2A96D}"
	ProjectSection(ProjectDependencies) = postProject
		{F9C9E922-8AAD-41E2-A1DA-31C72149A649} = {F9C9E922-8AAD-41E2-A1DA-31C72149A649}
		{93517340-9C10-4E16-A841-1F0F867E9204} = {93517340-9C10-4E16-A841-1F0F867E9204}
		{CA46416F-C5FF-467E-9F90-0C14EA05CE30} = {CA46416F-C5FF-467E-9F90-0C14EA05CE30}
		{9F682FC7-AA12-4CE4-9951-F1F6E160CBF2} = {9F682FC7-AA12-4CE4-9951-F1F6E160CBF2}
		{037941D4-0AA9-4549-BFA9-5AD92C037581} = {037941D4-0AA9-4549-BFA9-5AD92C037581}
	EndProjectSection
EndProject
Project("{8BC9CEB8-8B4A-11D0-8D11-00A0C91BC942}") = "Laputa3D", "Laputa3D\Laputa3D.vcxproj", "{F9C9E922-8AAD-41E2-A1DA-31C72149A649}"
EndProject
Global
	GlobalSection(SolutionConfigurationPlatforms) = preSolution
		Debug|Win32 = Debug|Win32
		Release|Win32 = Release|Win32
	EndGlobalSection
	GlobalSection(ProjectConfigurationPlatforms) = postSolution
		{037941D4-0AA9-4549-BFA9-5AD92C037581}.Debug|Win32.ActiveCfg = Debug|Win32
		{037941D4-0AA9-4549-BFA9-5AD92C037581}.Debug|Win32.Build.0 = Debug|Win32
		{037941D4-0AA9-4549-BFA9-5AD92C037581}.Release|Win32.ActiveCfg = Release|Win32
		{037941D4-0AA9-4549-BFA9-5AD92C037581}.Release|Win32.Build.0 = Release|Win32
		{CA46416F-C5FF-467E-9F90-0C14EA05CE30}.Debug|Win32.ActiveCfg = Debug|Win32
		{CA46416F-C5FF-467E-9F90-0C14EA05CE30}.Debug|Win32.Build.0 = Debug|Win32
		{CA46416F-C5FF-467E-9F90-0C14EA05CE30}.Release|Win32.ActiveCfg = Release|Win32
		{CA46416F-C5FF-467E-9F90-0C14EA05CE30}.Release|Win32.Build.0 = Release|Win32
		{93517340-9C10-4E16-A841-1F0F867E9204}.Debug|Win32.ActiveCfg = Debug|Win32
		{93517340-9C10-4E16-A841-1F0F867E9204}.Debug|Win32.Build.0 = Debug|Win32
		{93517340-9C10-4E16-A841-1F0F867E9204}.Release|Win32.ActiveCfg = Release|Win32
		{93517340-9C10-4E16-A841-1F0F867E9204}.Release|Win32.Build.0 = Release|Win32
		{5722E2D8-64C5-4952-AFBF-16AF6EF98976}.Debug|Win32.ActiveCfg = Debug|Win32
		{5722E2D8-64C5-4952-AFBF-16AF6EF98976}.Debug|Win32.Build.0 = Debug|Win32
		{5722E2D8-64C5-4952-AFBF-16AF6EF98976}.Release|Win32.ActiveCfg = Release|Win32
		{5722E2D8-64C5-4952-AFBF-16AF6EF98976}.Release|Win32.Build.0 = Release|Win32
		{9F682FC7-AA12-4CE4-9951-F1F6E160CBF2}.Debug|Win32.ActiveCfg = Debug|Win32
		{9F682FC7-AA12-4CE4-9951-F1F6E160CBF2}.Debug|Win32.Build.0 = Debug|Win32
		{9F682FC7-AA12-4CE4-9951-F1F6E160CBF2}.Release|Win32.ActiveCfg = Release|Win32
		{9F682FC7-AA12-4CE4-9951-F1F6E160CBF2}.Release|Win32.Build.0 = Release|Win32
		{02D6FD45-11C4-4CA2-86D0-CE2BC4A2A96D}.Debug|Win32.ActiveCfg = Debug|Win32
		{02D6FD45-11C4-4CA2-86D0-CE2BC4A2A96D}.Debug|Win32.Build.0 = Debug|Win32
		{02D6FD45-11C4-4CA2-86D0-CE2BC4A2A96D}.Release|Win32.ActiveCfg = Release|Win32
		{02D6FD45-11C4-4CA2-86D0-CE2BC4A2A96D}.Release|Win32.Build.0 = Release|Win32
		{F9C9E922-8AAD-41E2-A1DA-31C72149A649}.Debug|Win32.ActiveCfg = Debug|Win32
		{F9C9E922-8AAD-41E2-A1DA-31C72149A649}.Debug|Win32.Build.0 = Debug|Win32
		{F9C9E922-8AAD-41E2-A1DA-31C72149A649}.Release|Win32.ActiveCfg = Release|Win32
		{F9C9E922-8AAD-41E2-A1DA-31C72149A649}.Release|Win32.Build.0 = Release|Win32
	EndGlobalSection
	GlobalSection(SolutionProperties) = preSolution
		HideSolutionNode = FALSE
	EndGlobalSection
EndGlobal
